// !$*UTF8*$!
{
	archiveVersion = 1;
	classes = {
	};
	objectVersion = 46;
	objects = {

/* Begin PBXBuildFile section */
		36B11D45195D17A50052C40E /* Foundation.framework in Frameworks */ = {isa = PBXBuildFile; fileRef = 36B11D44195D17A50052C40E /* Foundation.framework */; };
		36B11D47195D17A50052C40E /* CoreGraphics.framework in Frameworks */ = {isa = PBXBuildFile; fileRef = 36B11D46195D17A50052C40E /* CoreGraphics.framework */; };
		36B11D49195D17A50052C40E /* UIKit.framework in Frameworks */ = {isa = PBXBuildFile; fileRef = 36B11D48195D17A50052C40E /* UIKit.framework */; };
		36B11D4F195D17A50052C40E /* InfoPlist.strings in Resources */ = {isa = PBXBuildFile; fileRef = 36B11D4D195D17A50052C40E /* InfoPlist.strings */; };
		36B11D51195D17A50052C40E /* main.m in Sources */ = {isa = PBXBuildFile; fileRef = 36B11D50195D17A50052C40E /* main.m */; };
		36B11D55195D17A50052C40E /* AppDelegate.m in Sources */ = {isa = PBXBuildFile; fileRef = 36B11D54195D17A50052C40E /* AppDelegate.m */; };
		36B11D58195D17A50052C40E /* Main.storyboard in Resources */ = {isa = PBXBuildFile; fileRef = 36B11D56195D17A50052C40E /* Main.storyboard */; };
		36B11D5B195D17A50052C40E /* ViewController.m in Sources */ = {isa = PBXBuildFile; fileRef = 36B11D5A195D17A50052C40E /* ViewController.m */; };
		36B11D5D195D17A50052C40E /* Images.xcassets in Resources */ = {isa = PBXBuildFile; fileRef = 36B11D5C195D17A50052C40E /* Images.xcassets */; };
		36B11D64195D17A50052C40E /* XCTest.framework in Frameworks */ = {isa = PBXBuildFile; fileRef = 36B11D63195D17A50052C40E /* XCTest.framework */; };
		36B11D65195D17A50052C40E /* Foundation.framework in Frameworks */ = {isa = PBXBuildFile; fileRef = 36B11D44195D17A50052C40E /* Foundation.framework */; };
		36B11D66195D17A50052C40E /* UIKit.framework in Frameworks */ = {isa = PBXBuildFile; fileRef = 36B11D48195D17A50052C40E /* UIKit.framework */; };
		36B11D6E195D17A50052C40E /* InfoPlist.strings in Resources */ = {isa = PBXBuildFile; fileRef = 36B11D6C195D17A50052C40E /* InfoPlist.strings */; };
		36B11D70195D17A50052C40E /* MLImageCropTests.m in Sources */ = {isa = PBXBuildFile; fileRef = 36B11D6F195D17A50052C40E /* MLImageCropTests.m */; };
		36B11DA8195D181E0052C40E /* AFHTTPRequestOperation.m in Sources */ = {isa = PBXBuildFile; fileRef = 36B11D7E195D181E0052C40E /* AFHTTPRequestOperation.m */; };
		36B11DA9195D181E0052C40E /* AFHTTPRequestOperationManager.m in Sources */ = {isa = PBXBuildFile; fileRef = 36B11D80195D181E0052C40E /* AFHTTPRequestOperationManager.m */; };
		36B11DAA195D181E0052C40E /* AFURLConnectionOperation.m in Sources */ = {isa = PBXBuildFile; fileRef = 36B11D82195D181E0052C40E /* AFURLConnectionOperation.m */; };
		36B11DAB195D181E0052C40E /* AFHTTPSessionManager.m in Sources */ = {isa = PBXBuildFile; fileRef = 36B11D85195D181E0052C40E /* AFHTTPSessionManager.m */; };
		36B11DAC195D181E0052C40E /* AFURLSessionManager.m in Sources */ = {isa = PBXBuildFile; fileRef = 36B11D87195D181E0052C40E /* AFURLSessionManager.m */; };
		36B11DAD195D181E0052C40E /* AFNetworkReachabilityManager.m in Sources */ = {isa = PBXBuildFile; fileRef = 36B11D8A195D181E0052C40E /* AFNetworkReachabilityManager.m */; };
		36B11DAE195D181E0052C40E /* AFSecurityPolicy.m in Sources */ = {isa = PBXBuildFile; fileRef = 36B11D8D195D181E0052C40E /* AFSecurityPolicy.m */; };
		36B11DAF195D181E0052C40E /* AFURLRequestSerialization.m in Sources */ = {isa = PBXBuildFile; fileRef = 36B11D90195D181E0052C40E /* AFURLRequestSerialization.m */; };
		36B11DB0195D181E0052C40E /* AFURLResponseSerialization.m in Sources */ = {isa = PBXBuildFile; fileRef = 36B11D92195D181E0052C40E /* AFURLResponseSerialization.m */; };
		36B11DB1195D181E0052C40E /* AFNetworkActivityIndicatorManager.m in Sources */ = {isa = PBXBuildFile; fileRef = 36B11D95195D181E0052C40E /* AFNetworkActivityIndicatorManager.m */; };
		36B11DB2195D181E0052C40E /* UIActivityIndicatorView+AFNetworking.m in Sources */ = {isa = PBXBuildFile; fileRef = 36B11D97195D181E0052C40E /* UIActivityIndicatorView+AFNetworking.m */; };
		36B11DB3195D181E0052C40E /* UIAlertView+AFNetworking.m in Sources */ = {isa = PBXBuildFile; fileRef = 36B11D99195D181E0052C40E /* UIAlertView+AFNetworking.m */; };
		36B11DB4195D181E0052C40E /* UIButton+AFNetworking.m in Sources */ = {isa = PBXBuildFile; fileRef = 36B11D9B195D181E0052C40E /* UIButton+AFNetworking.m */; };
		36B11DB5195D181E0052C40E /* UIImageView+AFNetworking.m in Sources */ = {isa = PBXBuildFile; fileRef = 36B11D9D195D181E0052C40E /* UIImageView+AFNetworking.m */; };
		36B11DB6195D181E0052C40E /* UIProgressView+AFNetworking.m in Sources */ = {isa = PBXBuildFile; fileRef = 36B11DA0195D181E0052C40E /* UIProgressView+AFNetworking.m */; };
		36B11DB7195D181E0052C40E /* UIRefreshControl+AFNetworking.m in Sources */ = {isa = PBXBuildFile; fileRef = 36B11DA2195D181E0052C40E /* UIRefreshControl+AFNetworking.m */; };
		36B11DB8195D181E0052C40E /* UIWebView+AFNetworking.m in Sources */ = {isa = PBXBuildFile; fileRef = 36B11DA4195D181E0052C40E /* UIWebView+AFNetworking.m */; };
		36B11DB9195D181E0052C40E /* MLImageCrop.m in Sources */ = {isa = PBXBuildFile; fileRef = 36B11DA7195D181E0052C40E /* MLImageCrop.m */; };
		36B11DBB195D18430052C40E /* temp.jpg in Resources */ = {isa = PBXBuildFile; fileRef = 36B11DBA195D18430052C40E /* temp.jpg */; };
/* End PBXBuildFile section */

/* Begin PBXContainerItemProxy section */
		36B11D67195D17A50052C40E /* PBXContainerItemProxy */ = {
			isa = PBXContainerItemProxy;
			containerPortal = 36B11D39195D17A50052C40E /* Project object */;
			proxyType = 1;
			remoteGlobalIDString = 36B11D40195D17A50052C40E;
			remoteInfo = MLImageCrop;
		};
/* End PBXContainerItemProxy section */

/* Begin PBXFileReference section */
		36B11D41195D17A50052C40E /* MLImageCrop.app */ = {isa = PBXFileReference; explicitFileType = wrapper.application; includeInIndex = 0; path = MLImageCrop.app; sourceTree = BUILT_PRODUCTS_DIR; };
		36B11D44195D17A50052C40E /* Foundation.framework */ = {isa = PBXFileReference; lastKnownFileType = wrapper.framework; name = Foundation.framework; path = System/Library/Frameworks/Foundation.framework; sourceTree = SDKROOT; };
		36B11D46195D17A50052C40E /* CoreGraphics.framework */ = {isa = PBXFileReference; lastKnownFileType = wrapper.framework; name = CoreGraphics.framework; path = System/Library/Frameworks/CoreGraphics.framework; sourceTree = SDKROOT; };
		36B11D48195D17A50052C40E /* UIKit.framework */ = {isa = PBXFileReference; lastKnownFileType = wrapper.framework; name = UIKit.framework; path = System/Library/Frameworks/UIKit.framework; sourceTree = SDKROOT; };
		36B11D4C195D17A50052C40E /* MLImageCrop-Info.plist */ = {isa = PBXFileReference; lastKnownFileType = text.plist.xml; path = "MLImageCrop-Info.plist"; sourceTree = "<group>"; };
		36B11D4E195D17A50052C40E /* en */ = {isa = PBXFileReference; lastKnownFileType = text.plist.strings; name = en; path = en.lproj/InfoPlist.strings; sourceTree = "<group>"; };
		36B11D50195D17A50052C40E /* main.m */ = {isa = PBXFileReference; lastKnownFileType = sourcecode.c.objc; path = main.m; sourceTree = "<group>"; };
		36B11D52195D17A50052C40E /* MLImageCrop-Prefix.pch */ = {isa = PBXFileReference; lastKnownFileType = sourcecode.c.h; path = "MLImageCrop-Prefix.pch"; sourceTree = "<group>"; };
		36B11D53195D17A50052C40E /* AppDelegate.h */ = {isa = PBXFileReference; lastKnownFileType = sourcecode.c.h; path = AppDelegate.h; sourceTree = "<group>"; };
		36B11D54195D17A50052C40E /* AppDelegate.m */ = {isa = PBXFileReference; lastKnownFileType = sourcecode.c.objc; path = AppDelegate.m; sourceTree = "<group>"; };
		36B11D57195D17A50052C40E /* Base */ = {isa = PBXFileReference; lastKnownFileType = file.storyboard; name = Base; path = Base.lproj/Main.storyboard; sourceTree = "<group>"; };
		36B11D59195D17A50052C40E /* ViewController.h */ = {isa = PBXFileReference; lastKnownFileType = sourcecode.c.h; path = ViewController.h; sourceTree = "<group>"; };
		36B11D5A195D17A50052C40E /* ViewController.m */ = {isa = PBXFileReference; lastKnownFileType = sourcecode.c.objc; path = ViewController.m; sourceTree = "<group>"; };
		36B11D5C195D17A50052C40E /* Images.xcassets */ = {isa = PBXFileReference; lastKnownFileType = folder.assetcatalog; path = Images.xcassets; sourceTree = "<group>"; };
		36B11D62195D17A50052C40E /* MLImageCropTests.xctest */ = {isa = PBXFileReference; explicitFileType = wrapper.cfbundle; includeInIndex = 0; path = MLImageCropTests.xctest; sourceTree = BUILT_PRODUCTS_DIR; };
		36B11D63195D17A50052C40E /* XCTest.framework */ = {isa = PBXFileReference; lastKnownFileType = wrapper.framework; name = XCTest.framework; path = Library/Frameworks/XCTest.framework; sourceTree = DEVELOPER_DIR; };
		36B11D6B195D17A50052C40E /* MLImageCropTests-Info.plist */ = {isa = PBXFileReference; lastKnownFileType = text.plist.xml; path = "MLImageCropTests-Info.plist"; sourceTree = "<group>"; };
		36B11D6D195D17A50052C40E /* en */ = {isa = PBXFileReference; lastKnownFileType = text.plist.strings; name = en; path = en.lproj/InfoPlist.strings; sourceTree = "<group>"; };
		36B11D6F195D17A50052C40E /* MLImageCropTests.m */ = {isa = PBXFileReference; lastKnownFileType = sourcecode.c.objc; path = MLImageCropTests.m; sourceTree = "<group>"; };
		36B11D7B195D181E0052C40E /* AFNetworking.h */ = {isa = PBXFileReference; fileEncoding = 4; lastKnownFileType = sourcecode.c.h; path = AFNetworking.h; sourceTree = "<group>"; };
		36B11D7D195D181E0052C40E /* AFHTTPRequestOperation.h */ = {isa = PBXFileReference; fileEncoding = 4; lastKnownFileType = sourcecode.c.h; path = AFHTTPRequestOperation.h; sourceTree = "<group>"; };
		36B11D7E195D181E0052C40E /* AFHTTPRequestOperation.m */ = {isa = PBXFileReference; fileEncoding = 4; lastKnownFileType = sourcecode.c.objc; path = AFHTTPRequestOperation.m; sourceTree = "<group>"; };
		36B11D7F195D181E0052C40E /* AFHTTPRequestOperationManager.h */ = {isa = PBXFileReference; fileEncoding = 4; lastKnownFileType = sourcecode.c.h; path = AFHTTPRequestOperationManager.h; sourceTree = "<group>"; };
		36B11D80195D181E0052C40E /* AFHTTPRequestOperationManager.m */ = {isa = PBXFileReference; fileEncoding = 4; lastKnownFileType = sourcecode.c.objc; path = AFHTTPRequestOperationManager.m; sourceTree = "<group>"; };
		36B11D81195D181E0052C40E /* AFURLConnectionOperation.h */ = {isa = PBXFileReference; fileEncoding = 4; lastKnownFileType = sourcecode.c.h; path = AFURLConnectionOperation.h; sourceTree = "<group>"; };
		36B11D82195D181E0052C40E /* AFURLConnectionOperation.m */ = {isa = PBXFileReference; fileEncoding = 4; lastKnownFileType = sourcecode.c.objc; path = AFURLConnectionOperation.m; sourceTree = "<group>"; };
		36B11D84195D181E0052C40E /* AFHTTPSessionManager.h */ = {isa = PBXFileReference; fileEncoding = 4; lastKnownFileType = sourcecode.c.h; path = AFHTTPSessionManager.h; sourceTree = "<group>"; };
		36B11D85195D181E0052C40E /* AFHTTPSessionManager.m */ = {isa = PBXFileReference; fileEncoding = 4; lastKnownFileType = sourcecode.c.objc; path = AFHTTPSessionManager.m; sourceTree = "<group>"; };
		36B11D86195D181E0052C40E /* AFURLSessionManager.h */ = {isa = PBXFileReference; fileEncoding = 4; lastKnownFileType = sourcecode.c.h; path = AFURLSessionManager.h; sourceTree = "<group>"; };
		36B11D87195D181E0052C40E /* AFURLSessionManager.m */ = {isa = PBXFileReference; fileEncoding = 4; lastKnownFileType = sourcecode.c.objc; path = AFURLSessionManager.m; sourceTree = "<group>"; };
		36B11D89195D181E0052C40E /* AFNetworkReachabilityManager.h */ = {isa = PBXFileReference; fileEncoding = 4; lastKnownFileType = sourcecode.c.h; path = AFNetworkReachabilityManager.h; sourceTree = "<group>"; };
		36B11D8A195D181E0052C40E /* AFNetworkReachabilityManager.m */ = {isa = PBXFileReference; fileEncoding = 4; lastKnownFileType = sourcecode.c.objc; path = AFNetworkReachabilityManager.m; sourceTree = "<group>"; };
		36B11D8C195D181E0052C40E /* AFSecurityPolicy.h */ = {isa = PBXFileReference; fileEncoding = 4; lastKnownFileType = sourcecode.c.h; path = AFSecurityPolicy.h; sourceTree = "<group>"; };
		36B11D8D195D181E0052C40E /* AFSecurityPolicy.m */ = {isa = PBXFileReference; fileEncoding = 4; lastKnownFileType = sourcecode.c.objc; path = AFSecurityPolicy.m; sourceTree = "<group>"; };
		36B11D8F195D181E0052C40E /* AFURLRequestSerialization.h */ = {isa = PBXFileReference; fileEncoding = 4; lastKnownFileType = sourcecode.c.h; path = AFURLRequestSerialization.h; sourceTree = "<group>"; };
		36B11D90195D181E0052C40E /* AFURLRequestSerialization.m */ = {isa = PBXFileReference; fileEncoding = 4; lastKnownFileType = sourcecode.c.objc; path = AFURLRequestSerialization.m; sourceTree = "<group>"; };
		36B11D91195D181E0052C40E /* AFURLResponseSerialization.h */ = {isa = PBXFileReference; fileEncoding = 4; lastKnownFileType = sourcecode.c.h; path = AFURLResponseSerialization.h; sourceTree = "<group>"; };
		36B11D92195D181E0052C40E /* AFURLResponseSerialization.m */ = {isa = PBXFileReference; fileEncoding = 4; lastKnownFileType = sourcecode.c.objc; path = AFURLResponseSerialization.m; sourceTree = "<group>"; };
		36B11D94195D181E0052C40E /* AFNetworkActivityIndicatorManager.h */ = {isa = PBXFileReference; fileEncoding = 4; lastKnownFileType = sourcecode.c.h; path = AFNetworkActivityIndicatorManager.h; sourceTree = "<group>"; };
		36B11D95195D181E0052C40E /* AFNetworkActivityIndicatorManager.m */ = {isa = PBXFileReference; fileEncoding = 4; lastKnownFileType = sourcecode.c.objc; path = AFNetworkActivityIndicatorManager.m; sourceTree = "<group>"; };
		36B11D96195D181E0052C40E /* UIActivityIndicatorView+AFNetworking.h */ = {isa = PBXFileReference; fileEncoding = 4; lastKnownFileType = sourcecode.c.h; path = "UIActivityIndicatorView+AFNetworking.h"; sourceTree = "<group>"; };
		36B11D97195D181E0052C40E /* UIActivityIndicatorView+AFNetworking.m */ = {isa = PBXFileReference; fileEncoding = 4; lastKnownFileType = sourcecode.c.objc; path = "UIActivityIndicatorView+AFNetworking.m"; sourceTree = "<group>"; };
		36B11D98195D181E0052C40E /* UIAlertView+AFNetworking.h */ = {isa = PBXFileReference; fileEncoding = 4; lastKnownFileType = sourcecode.c.h; path = "UIAlertView+AFNetworking.h"; sourceTree = "<group>"; };
		36B11D99195D181E0052C40E /* UIAlertView+AFNetworking.m */ = {isa = PBXFileReference; fileEncoding = 4; lastKnownFileType = sourcecode.c.objc; path = "UIAlertView+AFNetworking.m"; sourceTree = "<group>"; };
		36B11D9A195D181E0052C40E /* UIButton+AFNetworking.h */ = {isa = PBXFileReference; fileEncoding = 4; lastKnownFileType = sourcecode.c.h; path = "UIButton+AFNetworking.h"; sourceTree = "<group>"; };
		36B11D9B195D181E0052C40E /* UIButton+AFNetworking.m */ = {isa = PBXFileReference; fileEncoding = 4; lastKnownFileType = sourcecode.c.objc; path = "UIButton+AFNetworking.m"; sourceTree = "<group>"; };
		36B11D9C195D181E0052C40E /* UIImageView+AFNetworking.h */ = {isa = PBXFileReference; fileEncoding = 4; lastKnownFileType = sourcecode.c.h; path = "UIImageView+AFNetworking.h"; sourceTree = "<group>"; };
		36B11D9D195D181E0052C40E /* UIImageView+AFNetworking.m */ = {isa = PBXFileReference; fileEncoding = 4; lastKnownFileType = sourcecode.c.objc; path = "UIImageView+AFNetworking.m"; sourceTree = "<group>"; };
		36B11D9E195D181E0052C40E /* UIKit+AFNetworking.h */ = {isa = PBXFileReference; fileEncoding = 4; lastKnownFileType = sourcecode.c.h; path = "UIKit+AFNetworking.h"; sourceTree = "<group>"; };
		36B11D9F195D181E0052C40E /* UIProgressView+AFNetworking.h */ = {isa = PBXFileReference; fileEncoding = 4; lastKnownFileType = sourcecode.c.h; path = "UIProgressView+AFNetworking.h"; sourceTree = "<group>"; };
		36B11DA0195D181E0052C40E /* UIProgressView+AFNetworking.m */ = {isa = PBXFileReference; fileEncoding = 4; lastKnownFileType = sourcecode.c.objc; path = "UIProgressView+AFNetworking.m"; sourceTree = "<group>"; };
		36B11DA1195D181E0052C40E /* UIRefreshControl+AFNetworking.h */ = {isa = PBXFileReference; fileEncoding = 4; lastKnownFileType = sourcecode.c.h; path = "UIRefreshControl+AFNetworking.h"; sourceTree = "<group>"; };
		36B11DA2195D181E0052C40E /* UIRefreshControl+AFNetworking.m */ = {isa = PBXFileReference; fileEncoding = 4; lastKnownFileType = sourcecode.c.objc; path = "UIRefreshControl+AFNetworking.m"; sourceTree = "<group>"; };
		36B11DA3195D181E0052C40E /* UIWebView+AFNetworking.h */ = {isa = PBXFileReference; fileEncoding = 4; lastKnownFileType = sourcecode.c.h; path = "UIWebView+AFNetworking.h"; sourceTree = "<group>"; };
		36B11DA4195D181E0052C40E /* UIWebView+AFNetworking.m */ = {isa = PBXFileReference; fileEncoding = 4; lastKnownFileType = sourcecode.c.objc; path = "UIWebView+AFNetworking.m"; sourceTree = "<group>"; };
		36B11DA6195D181E0052C40E /* MLImageCrop.h */ = {isa = PBXFileReference; fileEncoding = 4; lastKnownFileType = sourcecode.c.h; path = MLImageCrop.h; sourceTree = "<group>"; };
		36B11DA7195D181E0052C40E /* MLImageCrop.m */ = {isa = PBXFileReference; fileEncoding = 4; lastKnownFileType = sourcecode.c.objc; path = MLImageCrop.m; sourceTree = "<group>"; };
		36B11DBA195D18430052C40E /* temp.jpg */ = {isa = PBXFileReference; lastKnownFileType = image.jpeg; path = temp.jpg; sourceTree = "<group>"; };
/* End PBXFileReference section */

/* Begin PBXFrameworksBuildPhase section */
		36B11D3E195D17A50052C40E /* Frameworks */ = {
			isa = PBXFrameworksBuildPhase;
			buildActionMask = 2147483647;
			files = (
				36B11D47195D17A50052C40E /* CoreGraphics.framework in Frameworks */,
				36B11D49195D17A50052C40E /* UIKit.framework in Frameworks */,
				36B11D45195D17A50052C40E /* Foundation.framework in Frameworks */,
			);
			runOnlyForDeploymentPostprocessing = 0;
		};
		36B11D5F195D17A50052C40E /* Frameworks */ = {
			isa = PBXFrameworksBuildPhase;
			buildActionMask = 2147483647;
			files = (
				36B11D64195D17A50052C40E /* XCTest.framework in Frameworks */,
				36B11D66195D17A50052C40E /* UIKit.framework in Frameworks */,
				36B11D65195D17A50052C40E /* Foundation.framework in Frameworks */,
			);
			runOnlyForDeploymentPostprocessing = 0;
		};
/* End PBXFrameworksBuildPhase section */

/* Begin PBXGroup section */
		36B11D38195D17A50052C40E = {
			isa = PBXGroup;
			children = (
				36B11D4A195D17A50052C40E /* MLImageCrop */,
				36B11D69195D17A50052C40E /* MLImageCropTests */,
				36B11D43195D17A50052C40E /* Frameworks */,
				36B11D42195D17A50052C40E /* Products */,
			);
			sourceTree = "<group>";
		};
		36B11D42195D17A50052C40E /* Products */ = {
			isa = PBXGroup;
			children = (
				36B11D41195D17A50052C40E /* MLImageCrop.app */,
				36B11D62195D17A50052C40E /* MLImageCropTests.xctest */,
			);
			name = Products;
			sourceTree = "<group>";
		};
		36B11D43195D17A50052C40E /* Frameworks */ = {
			isa = PBXGroup;
			children = (
				36B11D44195D17A50052C40E /* Foundation.framework */,
				36B11D46195D17A50052C40E /* CoreGraphics.framework */,
				36B11D48195D17A50052C40E /* UIKit.framework */,
				36B11D63195D17A50052C40E /* XCTest.framework */,
			);
			name = Frameworks;
			sourceTree = "<group>";
		};
		36B11D4A195D17A50052C40E /* MLImageCrop */ = {
			isa = PBXGroup;
			children = (
				36B11DBA195D18430052C40E /* temp.jpg */,
				36B11D79195D181E0052C40E /* AFNetwoking */,
				36B11DA5195D181E0052C40E /* MLImageCrop */,
				36B11D53195D17A50052C40E /* AppDelegate.h */,
				36B11D54195D17A50052C40E /* AppDelegate.m */,
				36B11D56195D17A50052C40E /* Main.storyboard */,
				36B11D59195D17A50052C40E /* ViewController.h */,
				36B11D5A195D17A50052C40E /* ViewController.m */,
				36B11D5C195D17A50052C40E /* Images.xcassets */,
				36B11D4B195D17A50052C40E /* Supporting Files */,
			);
			path = MLImageCrop;
			sourceTree = "<group>";
		};
		36B11D4B195D17A50052C40E /* Supporting Files */ = {
			isa = PBXGroup;
			children = (
				36B11D4C195D17A50052C40E /* MLImageCrop-Info.plist */,
				36B11D4D195D17A50052C40E /* InfoPlist.strings */,
				36B11D50195D17A50052C40E /* main.m */,
				36B11D52195D17A50052C40E /* MLImageCrop-Prefix.pch */,
			);
			name = "Supporting Files";
			sourceTree = "<group>";
		};
		36B11D69195D17A50052C40E /* MLImageCropTests */ = {
			isa = PBXGroup;
			children = (
				36B11D6F195D17A50052C40E /* MLImageCropTests.m */,
				36B11D6A195D17A50052C40E /* Supporting Files */,
			);
			path = MLImageCropTests;
			sourceTree = "<group>";
		};
		36B11D6A195D17A50052C40E /* Supporting Files */ = {
			isa = PBXGroup;
			children = (
				36B11D6B195D17A50052C40E /* MLImageCropTests-Info.plist */,
				36B11D6C195D17A50052C40E /* InfoPlist.strings */,
			);
			name = "Supporting Files";
			sourceTree = "<group>";
		};
		36B11D79195D181E0052C40E /* AFNetwoking */ = {
			isa = PBXGroup;
			children = (
				36B11D7A195D181E0052C40E /* AFNetworking */,
				36B11D93195D181E0052C40E /* UIKit+AFNetworking */,
			);
			path = AFNetwoking;
			sourceTree = "<group>";
		};
		36B11D7A195D181E0052C40E /* AFNetworking */ = {
			isa = PBXGroup;
			children = (
				36B11D7B195D181E0052C40E /* AFNetworking.h */,
				36B11D7C195D181E0052C40E /* NSURLConnection */,
				36B11D83195D181E0052C40E /* NSURLSession */,
				36B11D88195D181E0052C40E /* Reachability */,
				36B11D8B195D181E0052C40E /* Security */,
				36B11D8E195D181E0052C40E /* Serialization */,
			);
			path = AFNetworking;
			sourceTree = "<group>";
		};
		36B11D7C195D181E0052C40E /* NSURLConnection */ = {
			isa = PBXGroup;
			children = (
				36B11D7D195D181E0052C40E /* AFHTTPRequestOperation.h */,
				36B11D7E195D181E0052C40E /* AFHTTPRequestOperation.m */,
				36B11D7F195D181E0052C40E /* AFHTTPRequestOperationManager.h */,
				36B11D80195D181E0052C40E /* AFHTTPRequestOperationManager.m */,
				36B11D81195D181E0052C40E /* AFURLConnectionOperation.h */,
				36B11D82195D181E0052C40E /* AFURLConnectionOperation.m */,
			);
			path = NSURLConnection;
			sourceTree = "<group>";
		};
		36B11D83195D181E0052C40E /* NSURLSession */ = {
			isa = PBXGroup;
			children = (
				36B11D84195D181E0052C40E /* AFHTTPSessionManager.h */,
				36B11D85195D181E0052C40E /* AFHTTPSessionManager.m */,
				36B11D86195D181E0052C40E /* AFURLSessionManager.h */,
				36B11D87195D181E0052C40E /* AFURLSessionManager.m */,
			);
			path = NSURLSession;
			sourceTree = "<group>";
		};
		36B11D88195D181E0052C40E /* Reachability */ = {
			isa = PBXGroup;
			children = (
				36B11D89195D181E0052C40E /* AFNetworkReachabilityManager.h */,
				36B11D8A195D181E0052C40E /* AFNetworkReachabilityManager.m */,
			);
			path = Reachability;
			sourceTree = "<group>";
		};
		36B11D8B195D181E0052C40E /* Security */ = {
			isa = PBXGroup;
			children = (
				36B11D8C195D181E0052C40E /* AFSecurityPolicy.h */,
				36B11D8D195D181E0052C40E /* AFSecurityPolicy.m */,
			);
			path = Security;
			sourceTree = "<group>";
		};
		36B11D8E195D181E0052C40E /* Serialization */ = {
			isa = PBXGroup;
			children = (
				36B11D8F195D181E0052C40E /* AFURLRequestSerialization.h */,
				36B11D90195D181E0052C40E /* AFURLRequestSerialization.m */,
				36B11D91195D181E0052C40E /* AFURLResponseSerialization.h */,
				36B11D92195D181E0052C40E /* AFURLResponseSerialization.m */,
			);
			path = Serialization;
			sourceTree = "<group>";
		};
		36B11D93195D181E0052C40E /* UIKit+AFNetworking */ = {
			isa = PBXGroup;
			children = (
				36B11D94195D181E0052C40E /* AFNetworkActivityIndicatorManager.h */,
				36B11D95195D181E0052C40E /* AFNetworkActivityIndicatorManager.m */,
				36B11D96195D181E0052C40E /* UIActivityIndicatorView+AFNetworking.h */,
				36B11D97195D181E0052C40E /* UIActivityIndicatorView+AFNetworking.m */,
				36B11D98195D181E0052C40E /* UIAlertView+AFNetworking.h */,
				36B11D99195D181E0052C40E /* UIAlertView+AFNetworking.m */,
				36B11D9A195D181E0052C40E /* UIButton+AFNetworking.h */,
				36B11D9B195D181E0052C40E /* UIButton+AFNetworking.m */,
				36B11D9C195D181E0052C40E /* UIImageView+AFNetworking.h */,
				36B11D9D195D181E0052C40E /* UIImageView+AFNetworking.m */,
				36B11D9E195D181E0052C40E /* UIKit+AFNetworking.h */,
				36B11D9F195D181E0052C40E /* UIProgressView+AFNetworking.h */,
				36B11DA0195D181E0052C40E /* UIProgressView+AFNetworking.m */,
				36B11DA1195D181E0052C40E /* UIRefreshControl+AFNetworking.h */,
				36B11DA2195D181E0052C40E /* UIRefreshControl+AFNetworking.m */,
				36B11DA3195D181E0052C40E /* UIWebView+AFNetworking.h */,
				36B11DA4195D181E0052C40E /* UIWebView+AFNetworking.m */,
			);
			path = "UIKit+AFNetworking";
			sourceTree = "<group>";
		};
		36B11DA5195D181E0052C40E /* MLImageCrop */ = {
			isa = PBXGroup;
			children = (
				36B11DA6195D181E0052C40E /* MLImageCrop.h */,
				36B11DA7195D181E0052C40E /* MLImageCrop.m */,
			);
			path = MLImageCrop;
			sourceTree = "<group>";
		};
/* End PBXGroup section */

/* Begin PBXNativeTarget section */
		36B11D40195D17A50052C40E /* MLImageCrop */ = {
			isa = PBXNativeTarget;
			buildConfigurationList = 36B11D73195D17A50052C40E /* Build configuration list for PBXNativeTarget "MLImageCrop" */;
			buildPhases = (
				36B11D3D195D17A50052C40E /* Sources */,
				36B11D3E195D17A50052C40E /* Frameworks */,
				36B11D3F195D17A50052C40E /* Resources */,
			);
			buildRules = (
			);
			dependencies = (
			);
			name = MLImageCrop;
			productName = MLImageCrop;
			productReference = 36B11D41195D17A50052C40E /* MLImageCrop.app */;
			productType = "com.apple.product-type.application";
		};
		36B11D61195D17A50052C40E /* MLImageCropTests */ = {
			isa = PBXNativeTarget;
			buildConfigurationList = 36B11D76195D17A50052C40E /* Build configuration list for PBXNativeTarget "MLImageCropTests" */;
			buildPhases = (
				36B11D5E195D17A50052C40E /* Sources */,
				36B11D5F195D17A50052C40E /* Frameworks */,
				36B11D60195D17A50052C40E /* Resources */,
			);
			buildRules = (
			);
			dependencies = (
				36B11D68195D17A50052C40E /* PBXTargetDependency */,
			);
			name = MLImageCropTests;
			productName = MLImageCropTests;
			productReference = 36B11D62195D17A50052C40E /* MLImageCropTests.xctest */;
			productType = "com.apple.product-type.bundle.unit-test";
		};
/* End PBXNativeTarget section */

/* Begin PBXProject section */
		36B11D39195D17A50052C40E /* Project object */ = {
			isa = PBXProject;
			attributes = {
				LastUpgradeCheck = 0510;
				ORGANIZATIONNAME = molon;
				TargetAttributes = {
					36B11D61195D17A50052C40E = {
						TestTargetID = 36B11D40195D17A50052C40E;
					};
				};
			};
			buildConfigurationList = 36B11D3C195D17A50052C40E /* Build configuration list for PBXProject "MLImageCrop" */;
			compatibilityVersion = "Xcode 3.2";
			developmentRegion = English;
			hasScannedForEncodings = 0;
			knownRegions = (
				en,
				Base,
			);
			mainGroup = 36B11D38195D17A50052C40E;
			productRefGroup = 36B11D42195D17A50052C40E /* Products */;
			projectDirPath = "";
			projectRoot = "";
			targets = (
				36B11D40195D17A50052C40E /* MLImageCrop */,
				36B11D61195D17A50052C40E /* MLImageCropTests */,
			);
		};
/* End PBXProject section */

/* Begin PBXResourcesBuildPhase section */
		36B11D3F195D17A50052C40E /* Resources */ = {
			isa = PBXResourcesBuildPhase;
			buildActionMask = 2147483647;
			files = (
				36B11D5D195D17A50052C40E /* Images.xcassets in Resources */,
				36B11DBB195D18430052C40E /* temp.jpg in Resources */,
				36B11D4F195D17A50052C40E /* InfoPlist.strings in Resources */,
				36B11D58195D17A50052C40E /* Main.storyboard in Resources */,
			);
			runOnlyForDeploymentPostprocessing = 0;
		};
		36B11D60195D17A50052C40E /* Resources */ = {
			isa = PBXResourcesBuildPhase;
			buildActionMask = 2147483647;
			files = (
				36B11D6E195D17A50052C40E /* InfoPlist.strings in Resources */,
			);
			runOnlyForDeploymentPostprocessing = 0;
		};
/* End PBXResourcesBuildPhase section */

/* Begin PBXSourcesBuildPhase section */
		36B11D3D195D17A50052C40E /* Sources */ = {
			isa = PBXSourcesBuildPhase;
			buildActionMask = 2147483647;
			files = (
				36B11DA8195D181E0052C40E /* AFHTTPRequestOperation.m in Sources */,
				36B11DB5195D181E0052C40E /* UIImageView+AFNetworking.m in Sources */,
				36B11DAD195D181E0052C40E /* AFNetworkReachabilityManager.m in Sources */,
				36B11DAC195D181E0052C40E /* AFURLSessionManager.m in Sources */,
				36B11DB6195D181E0052C40E /* UIProgressView+AFNetworking.m in Sources */,
				36B11D5B195D17A50052C40E /* ViewController.m in Sources */,
				36B11DA9195D181E0052C40E /* AFHTTPRequestOperationManager.m in Sources */,
				36B11D55195D17A50052C40E /* AppDelegate.m in Sources */,
				36B11DB4195D181E0052C40E /* UIButton+AFNetworking.m in Sources */,
				36B11DB2195D181E0052C40E /* UIActivityIndicatorView+AFNetworking.m in Sources */,
				36B11DAE195D181E0052C40E /* AFSecurityPolicy.m in Sources */,
				36B11DB7195D181E0052C40E /* UIRefreshControl+AFNetworking.m in Sources */,
				36B11DB8195D181E0052C40E /* UIWebView+AFNetworking.m in Sources */,
				36B11DAF195D181E0052C40E /* AFURLRequestSerialization.m in Sources */,
				36B11DB3195D181E0052C40E /* UIAlertView+AFNetworking.m in Sources */,
				36B11DAA195D181E0052C40E /* AFURLConnectionOperation.m in Sources */,
				36B11DB1195D181E0052C40E /* AFNetworkActivityIndicatorManager.m in Sources */,
				36B11DAB195D181E0052C40E /* AFHTTPSessionManager.m in Sources */,
				36B11DB0195D181E0052C40E /* AFURLResponseSerialization.m in Sources */,
				36B11D51195D17A50052C40E /* main.m in Sources */,
				36B11DB9195D181E0052C40E /* MLImageCrop.m in Sources */,
			);
			runOnlyForDeploymentPostprocessing = 0;
		};
		36B11D5E195D17A50052C40E /* Sources */ = {
			isa = PBXSourcesBuildPhase;
			buildActionMask = 2147483647;
			files = (
				36B11D70195D17A50052C40E /* MLImageCropTests.m in Sources */,
			);
			runOnlyForDeploymentPostprocessing = 0;
		};
/* End PBXSourcesBuildPhase section */

/* Begin PBXTargetDependency section */
		36B11D68195D17A50052C40E /* PBXTargetDependency */ = {
			isa = PBXTargetDependency;
			target = 36B11D40195D17A50052C40E /* MLImageCrop */;
			targetProxy = 36B11D67195D17A50052C40E /* PBXContainerItemProxy */;
		};
/* End PBXTargetDependency section */

/* Begin PBXVariantGroup section */
		36B11D4D195D17A50052C40E /* InfoPlist.strings */ = {
			isa = PBXVariantGroup;
			children = (
				36B11D4E195D17A50052C40E /* en */,
			);
			name = InfoPlist.strings;
			sourceTree = "<group>";
		};
		36B11D56195D17A50052C40E /* Main.storyboard */ = {
			isa = PBXVariantGroup;
			children = (
				36B11D57195D17A50052C40E /* Base */,
			);
			name = Main.storyboard;
			sourceTree = "<group>";
		};
		36B11D6C195D17A50052C40E /* InfoPlist.strings */ = {
			isa = PBXVariantGroup;
			children = (
				36B11D6D195D17A50052C40E /* en */,
			);
			name = InfoPlist.strings;
			sourceTree = "<group>";
		};
/* End PBXVariantGroup section */

/* Begin XCBuildConfiguration section */
		36B11D71195D17A50052C40E /* Debug */ = {
			isa = XCBuildConfiguration;
			buildSettings = {
				ALWAYS_SEARCH_USER_PATHS = NO;
				CLANG_CXX_LANGUAGE_STANDARD = "gnu++0x";
				CLANG_CXX_LIBRARY = "libc++";
				CLANG_ENABLE_MODULES = YES;
				CLANG_ENABLE_OBJC_ARC = YES;
				CLANG_WARN_BOOL_CONVERSION = YES;
				CLANG_WARN_CONSTANT_CONVERSION = YES;
				CLANG_WARN_DIRECT_OBJC_ISA_USAGE = YES_ERROR;
				CLANG_WARN_EMPTY_BODY = YES;
				CLANG_WARN_ENUM_CONVERSION = YES;
				CLANG_WARN_INT_CONVERSION = YES;
				CLANG_WARN_OBJC_ROOT_CLASS = YES_ERROR;
				CLANG_WARN__DUPLICATE_METHOD_MATCH = YES;
				"CODE_SIGN_IDENTITY[sdk=iphoneos*]" = "iPhone Developer";
				COPY_PHASE_STRIP = NO;
				GCC_C_LANGUAGE_STANDARD = gnu99;
				GCC_DYNAMIC_NO_PIC = NO;
				GCC_OPTIMIZATION_LEVEL = 0;
				GCC_PREPROCESSOR_DEFINITIONS = (
					"DEBUG=1",
					"$(inherited)",
				);
				GCC_SYMBOLS_PRIVATE_EXTERN = NO;
				GCC_WARN_64_TO_32_BIT_CONVERSION = YES;
				GCC_WARN_ABOUT_RETURN_TYPE = YES_ERROR;
				GCC_WARN_UNDECLARED_SELECTOR = YES;
				GCC_WARN_UNINITIALIZED_AUTOS = YES_AGGRESSIVE;
				GCC_WARN_UNUSED_FUNCTION = YES;
				GCC_WARN_UNUSED_VARIABLE = YES;
				IPHONEOS_DEPLOYMENT_TARGET = 7.1;
				ONLY_ACTIVE_ARCH = YES;
				SDKROOT = iphoneos;
			};
			name = Debug;
		};
		36B11D72195D17A50052C40E /* Release */ = {
			isa = XCBuildConfiguration;
			buildSettings = {
				ALWAYS_SEARCH_USER_PATHS = NO;
				CLANG_CXX_LANGUAGE_STANDARD = "gnu++0x";
				CLANG_CXX_LIBRARY = "libc++";
				CLANG_ENABLE_MODULES = YES;
				CLANG_ENABLE_OBJC_ARC = YES;
				CLANG_WARN_BOOL_CONVERSION = YES;
				CLANG_WARN_CONSTANT_CONVERSION = YES;
				CLANG_WARN_DIRECT_OBJC_ISA_USAGE = YES_ERROR;
				CLANG_WARN_EMPTY_BODY = YES;
				CLANG_WARN_ENUM_CONVERSION = YES;
				CLANG_WARN_INT_CONVERSION = YES;
				CLANG_WARN_OBJC_ROOT_CLASS = YES_ERROR;
				CLANG_WARN__DUPLICATE_METHOD_MATCH = YES;
				"CODE_SIGN_IDENTITY[sdk=iphoneos*]" = "iPhone Developer";
				COPY_PHASE_STRIP = YES;
				ENABLE_NS_ASSERTIONS = NO;
				GCC_C_LANGUAGE_STANDARD = gnu99;
				GCC_WARN_64_TO_32_BIT_CONVERSION = YES;
				GCC_WARN_ABOUT_RETURN_TYPE = YES_ERROR;
				GCC_WARN_UNDECLARED_SELECTOR = YES;
				GCC_WARN_UNINITIALIZED_AUTOS = YES_AGGRESSIVE;
				GCC_WARN_UNUSED_FUNCTION = YES;
				GCC_WARN_UNUSED_VARIABLE = YES;
				IPHONEOS_DEPLOYMENT_TARGET = 7.1;
				SDKROOT = iphoneos;
				VALIDATE_PRODUCT = YES;
			};
			name = Release;
		};
		36B11D74195D17A50052C40E /* Debug */ = {
			isa = XCBuildConfiguration;
			buildSettings = {
				ASSETCATALOG_COMPILER_APPICON_NAME = AppIcon;
				ASSETCATALOG_COMPILER_LAUNCHIMAGE_NAME = LaunchImage;
				GCC_PRECOMPILE_PREFIX_HEADER = YES;
				GCC_PREFIX_HEADER = "MLImageCrop/MLImageCrop-Prefix.pch";
				INFOPLIST_FILE = "MLImageCrop/MLImageCrop-Info.plist";
				PRODUCT_NAME = "$(TARGET_NAME)";
				WRAPPER_EXTENSION = app;
			};
			name = Debug;
		};
		36B11D75195D17A50052C40E /* Release */ = {
			isa = XCBuildConfiguration;
			buildSettings = {
				ASSETCATALOG_COMPILER_APPICON_NAME = AppIcon;
				ASSETCATALOG_COMPILER_LAUNCHIMAGE_NAME = LaunchImage;
				GCC_PRECOMPILE_PREFIX_HEADER = YES;
				GCC_PREFIX_HEADER = "MLImageCrop/MLImageCrop-Prefix.pch";
				INFOPLIST_FILE = "MLImageCrop/MLImageCrop-Info.plist";
				PRODUCT_NAME = "$(TARGET_NAME)";
				WRAPPER_EXTENSION = app;
			};
			name = Release;
		};
		36B11D77195D17A50052C40E /* Debug */ = {
			isa = XCBuildConfiguration;
			buildSettings = {
				BUNDLE_LOADER = "$(BUILT_PRODUCTS_DIR)/MLImageCrop.app/MLImageCrop";
				FRAMEWORK_SEARCH_PATHS = (
					"$(SDKROOT)/Developer/Library/Frameworks",
					"$(inherited)",
					"$(DEVELOPER_FRAMEWORKS_DIR)",
				);
				GCC_PRECOMPILE_PREFIX_HEADER = YES;
				GCC_PREFIX_HEADER = "MLImageCrop/MLImageCrop-Prefix.pch";
				GCC_PREPROCESSOR_DEFINITIONS = (
					"DEBUG=1",
					"$(inherited)",
				);
				INFOPLIST_FILE = "MLImageCropTests/MLImageCropTests-Info.plist";
				PRODUCT_NAME = "$(TARGET_NAME)";
				TEST_HOST = "$(BUNDLE_LOADER)";
				WRAPPER_EXTENSION = xctest;
			};
			name = Debug;
		};
		36B11D78195D17A50052C40E /* Release */ = {
			isa = XCBuildConfiguration;
			buildSettings = {
				BUNDLE_LOADER = "$(BUILT_PRODUCTS_DIR)/MLImageCrop.app/MLImageCrop";
				FRAMEWORK_SEARCH_PATHS = (
					"$(SDKROOT)/Developer/Library/Frameworks",
					"$(inherited)",
					"$(DEVELOPER_FRAMEWORKS_DIR)",
				);
				GCC_PRECOMPILE_PREFIX_HEADER = YES;
				GCC_PREFIX_HEADER = "MLImageCrop/MLImageCrop-Prefix.pch";
				INFOPLIST_FILE = "MLImageCropTests/MLImageCropTests-Info.plist";
				PRODUCT_NAME = "$(TARGET_NAME)";
				TEST_HOST = "$(BUNDLE_LOADER)";
				WRAPPER_EXTENSION = xctest;
			};
			name = Release;
		};
/* End XCBuildConfiguration section */

/* Begin XCConfigurationList section */
		36B11D3C195D17A50052C40E /* Build configuration list for PBXProject "MLImageCrop" */ = {
			isa = XCConfigurationList;
			buildConfigurations = (
				36B11D71195D17A50052C40E /* Debug */,
				36B11D72195D17A50052C40E /* Release */,
			);
			defaultConfigurationIsVisible = 0;
			defaultConfigurationName = Release;
		};
		36B11D73195D17A50052C40E /* Build configuration list for PBXNativeTarget "MLImageCrop" */ = {
			isa = XCConfigurationList;
			buildConfigurations = (
				36B11D74195D17A50052C40E /* Debug */,
				36B11D75195D17A50052C40E /* Release */,
			);
			defaultConfigurationIsVisible = 0;
		};
		36B11D76195D17A50052C40E /* Build configuration list for PBXNativeTarget "MLImageCropTests" */ = {
			isa = XCConfigurationList;
			buildConfigurations = (
				36B11D77195D17A50052C40E /* Debug */,
				36B11D78195D17A50052C40E /* Release */,
			);
			defaultConfigurationIsVisible = 0;
		};
/* End XCConfigurationList section */
	};
	rootObject = 36B11D39195D17A50052C40E /* Project object */;
}
